
Microsoft Visual Studio Solution File, Format Version 11.00
# Visual C++ Express 2010
Project("{8BC9CEB8-8B4A-11D0-8D11-00A0C91BC942}") = "MrPumpkin", "MrPumpkin\MrPumpkin.vcxproj", "{3FEEDE15-A23F-4A7B-B7F7-5597477A8091}"
EndProject
Global
	GlobalSection(SolutionConfigurationPlatforms) = preSolution
		Debug|Win32 = Debug|Win32
		Release|Win32 = Release|Win32
	EndGlobalSection
	GlobalSection(ProjectConfigurationPlatforms) = postSolution
		{3FEEDE15-A23F-4A7B-B7F7-5597477A8091}.Debug|Win32.ActiveCfg = Debug|Win32
		{3FEEDE15-A23F-4A7B-B7F7-5597477A8091}.Debug|Win32.Build.0 = Debug|Win32
		{3FEEDE15-A23F-4A7B-B7F7-5597477A8091}.Release|Win32.ActiveCfg = Release|Win32
		{3FEEDE15-A23F-4A7B-B7F7-5597477A8091}.Release|Win32.Build.0 = Release|Win32
	EndGlobalSection
	GlobalSection(SolutionProperties) = preSolution
		HideSolutionNode = FALSE
	EndGlobalSection
EndGlobal
